<?xml version="1.0" encoding="UTF-8"?>
<CONFIG>
  <ProjectOptions>
    <Version Value="10"/>
    <PathDelim Value="\"/>
    <General>
      <Flags>
        <MainUnitHasCreateFormStatements Value="False"/>
        <MainUnitHasTitleStatement Value="False"/>
        <MainUnitHasScaledStatement Value="False"/>
      </Flags>
      <SessionStorage Value="InProjectDir"/>
      <MainUnit Value="0"/>
      <Title Value="hamt_tests"/>
      <UseAppBundle Value="False"/>
      <ResourceType Value="res"/>
    </General>
    <BuildModes Count="1">
      <Item1 Name="default" Default="True"/>
    </BuildModes>
    <PublishOptions>
      <Version Value="2"/>
    </PublishOptions>
    <RunParams>
      <local>
        <FormatVersion Value="1"/>
      </local>
    </RunParams>
    <Units Count="2">
      <Unit0>
        <Filename Value="hamt_tests.pas"/>
        <IsPartOfProject Value="True"/>
      </Unit0>
      <Unit1>
        <Filename Value="..\..\..\..\..\..\theo\hg\components\pascal\data\bbhamt.pas"/>
        <IsPartOfProject Value="True"/>
      </Unit1>
    </Units>
  </ProjectOptions>
  <CompilerOptions>
    <Version Value="11"/>
    <PathDelim Value="\"/>
    <SearchPaths>
      <IncludeFiles Value="$(ProjOutDir)"/>
      <OtherUnitFiles Value="\tmp\U:\components\pascal\data\;\import\synapse\;\tmp\U:\components\pascal\internet\;\tmp\U:\components\lazarus\dialogs\;\tmp\U:\components\pascal\system\;\home\benito\hg\components\pascal\data\;\home\benito\hg\programs\contests\euler\;\home\benito\hg\components\pascal\internet\;\home\benito\hg\components\lazarus\dialogs\;\home\benito\hg\components\pascal\system\;\home\benito\hg\components\pascal\import\regexpr\source\;\home\theo\hg\components\pascal\data\"/>
      <SrcPath Value="\home\benito\hg\components\pascal\import\synapse\;\import\synapse\"/>
    </SearchPaths>
    <Linking>
      <Debugging>
        <UseHeaptrc Value="True"/>
        <TrashVariables Value="True"/>
      </Debugging>
    </Linking>
  </CompilerOptions>
  <Debugging>
    <Exceptions Count="4">
      <Item1>
        <Name Value="EAbort"/>
      </Item1>
      <Item2>
        <Name Value="ECodetoolError"/>
      </Item2>
      <Item3>
        <Name Value="EFOpenError"/>
      </Item3>
      <Item4>
        <Name Value="RunError(203)"/>
      </Item4>
    </Exceptions>
  </Debugging>
</CONFIG>
